
Microsoft Visual Studio Solution File, Format Version 12.00
# Visual Studio Version 16
VisualStudioVersion = 16.0.29230.47
MinimumVisualStudioVersion = 10.0.40219.1
Project("{FAE04EC0-301F-11D3-BF4B-00C04F79EFBC}") = "TenantApp", "TenantApp.csproj", "{C885C4D2-0A0F-4F72-BB67-47F8B076DC44}"
EndProject
Project("{FAE04EC0-301F-11D3-BF4B-00C04F79EFBC}") = "CompanyApp", "..\CompanyApp\CompanyApp.csproj", "{541835AE-A11B-4E39-8FA1-799ADA0A0F07}"
EndProject
Global
	GlobalSection(SolutionConfigurationPlatforms) = preSolution
		Debug|Any CPU = Debug|Any CPU
		Release|Any CPU = Release|Any CPU
	EndGlobalSection
	GlobalSection(ProjectConfigurationPlatforms) = postSolution
		{C885C4D2-0A0F-4F72-BB67-47F8B076DC44}.Debug|Any CPU.ActiveCfg = Debug|Any CPU
		{C885C4D2-0A0F-4F72-BB67-47F8B076DC44}.Debug|Any CPU.Build.0 = Debug|Any CPU
		{C885C4D2-0A0F-4F72-BB67-47F8B076DC44}.Release|Any CPU.ActiveCfg = Release|Any CPU
		{C885C4D2-0A0F-4F72-BB67-47F8B076DC44}.Release|Any CPU.Build.0 = Release|Any CPU
		{541835AE-A11B-4E39-8FA1-799ADA0A0F07}.Debug|Any CPU.ActiveCfg = Debug|Any CPU
		{541835AE-A11B-4E39-8FA1-799ADA0A0F07}.Debug|Any CPU.Build.0 = Debug|Any CPU
		{541835AE-A11B-4E39-8FA1-799ADA0A0F07}.Release|Any CPU.ActiveCfg = Release|Any CPU
		{541835AE-A11B-4E39-8FA1-799ADA0A0F07}.Release|Any CPU.Build.0 = Release|Any CPU
	EndGlobalSection
	GlobalSection(SolutionProperties) = preSolution
		HideSolutionNode = FALSE
	EndGlobalSection
	GlobalSection(ExtensibilityGlobals) = postSolution
		SolutionGuid = {2479AEBB-2E82-4264-B888-8649CB203C28}
	EndGlobalSection
EndGlobal
